
Microsoft Visual Studio Solution File, Format Version 12.00
# Visual Studio 14
VisualStudioVersion = 14.0.25123.0
MinimumVisualStudioVersion = 10.0.40219.1
Project("{FAE04EC0-301F-11D3-BF4B-00C04F79EFBC}") = "Main", "MVC\Main.csproj", "{EAD4D43E-48F2-40B7-B0EF-1225D6227D32}"
EndProject
Project("{FAE04EC0-301F-11D3-BF4B-00C04F79EFBC}") = "UnitTests", "MVC.Tests\UnitTests.csproj", "{873931D5-215F-4EDF-9FE8-1DB3695083BD}"
EndProject
Project("{2150E333-8FDC-42A3-9474-1A3956D46DE8}") = "Sample", "Sample", "{ABDE05EB-DDBE-45E7-8967-406D9D4EFC49}"
	ProjectSection(SolutionItems) = preProject
		..\Legacy\ChatServer.zip = ..\Legacy\ChatServer.zip
		..\Legacy\ConsoleBasedchatAS.zip = ..\Legacy\ConsoleBasedchatAS.zip
		..\Legacy\DDLL_v1.zip = ..\Legacy\DDLL_v1.zip
	EndProjectSection
EndProject
Project("{FAE04EC0-301F-11D3-BF4B-00C04F79EFBC}") = "DemoApp", "DemoApp\DemoApp.csproj", "{27288C4B-3387-444F-8D82-AE95B461B7FC}"
EndProject
Project("{FAE04EC0-301F-11D3-BF4B-00C04F79EFBC}") = "ClientSocket", "ClientSocket1\ClientSocket.csproj", "{F30453A4-02C6-4982-9E9C-FE77E91CB4C1}"
EndProject
Project("{FAE04EC0-301F-11D3-BF4B-00C04F79EFBC}") = "ServerSocket", "ServerSocket1\ServerSocket.csproj", "{755C949E-3651-4F0D-BC62-785547CC5362}"
EndProject
Project("{00D1A9C2-B5F0-4AF3-8072-F6C62B433612}") = "DB", "DB\DB.sqlproj", "{48E7DF7C-AB5D-46F5-980C-3E3FE58FB363}"
EndProject
Global
	GlobalSection(SolutionConfigurationPlatforms) = preSolution
		Debug|Any CPU = Debug|Any CPU
		Release|Any CPU = Release|Any CPU
	EndGlobalSection
	GlobalSection(ProjectConfigurationPlatforms) = postSolution
		{EAD4D43E-48F2-40B7-B0EF-1225D6227D32}.Debug|Any CPU.ActiveCfg = Debug|Any CPU
		{EAD4D43E-48F2-40B7-B0EF-1225D6227D32}.Debug|Any CPU.Build.0 = Debug|Any CPU
		{EAD4D43E-48F2-40B7-B0EF-1225D6227D32}.Release|Any CPU.ActiveCfg = Release|Any CPU
		{EAD4D43E-48F2-40B7-B0EF-1225D6227D32}.Release|Any CPU.Build.0 = Release|Any CPU
		{873931D5-215F-4EDF-9FE8-1DB3695083BD}.Debug|Any CPU.ActiveCfg = Debug|Any CPU
		{873931D5-215F-4EDF-9FE8-1DB3695083BD}.Debug|Any CPU.Build.0 = Debug|Any CPU
		{873931D5-215F-4EDF-9FE8-1DB3695083BD}.Release|Any CPU.ActiveCfg = Release|Any CPU
		{873931D5-215F-4EDF-9FE8-1DB3695083BD}.Release|Any CPU.Build.0 = Release|Any CPU
		{27288C4B-3387-444F-8D82-AE95B461B7FC}.Debug|Any CPU.ActiveCfg = Debug|Any CPU
		{27288C4B-3387-444F-8D82-AE95B461B7FC}.Debug|Any CPU.Build.0 = Debug|Any CPU
		{27288C4B-3387-444F-8D82-AE95B461B7FC}.Release|Any CPU.ActiveCfg = Release|Any CPU
		{27288C4B-3387-444F-8D82-AE95B461B7FC}.Release|Any CPU.Build.0 = Release|Any CPU
		{F30453A4-02C6-4982-9E9C-FE77E91CB4C1}.Debug|Any CPU.ActiveCfg = Debug|Any CPU
		{F30453A4-02C6-4982-9E9C-FE77E91CB4C1}.Debug|Any CPU.Build.0 = Debug|Any CPU
		{F30453A4-02C6-4982-9E9C-FE77E91CB4C1}.Release|Any CPU.ActiveCfg = Release|Any CPU
		{F30453A4-02C6-4982-9E9C-FE77E91CB4C1}.Release|Any CPU.Build.0 = Release|Any CPU
		{755C949E-3651-4F0D-BC62-785547CC5362}.Debug|Any CPU.ActiveCfg = Debug|Any CPU
		{755C949E-3651-4F0D-BC62-785547CC5362}.Debug|Any CPU.Build.0 = Debug|Any CPU
		{755C949E-3651-4F0D-BC62-785547CC5362}.Release|Any CPU.ActiveCfg = Release|Any CPU
		{755C949E-3651-4F0D-BC62-785547CC5362}.Release|Any CPU.Build.0 = Release|Any CPU
		{48E7DF7C-AB5D-46F5-980C-3E3FE58FB363}.Debug|Any CPU.ActiveCfg = Debug|Any CPU
		{48E7DF7C-AB5D-46F5-980C-3E3FE58FB363}.Debug|Any CPU.Build.0 = Debug|Any CPU
		{48E7DF7C-AB5D-46F5-980C-3E3FE58FB363}.Debug|Any CPU.Deploy.0 = Debug|Any CPU
		{48E7DF7C-AB5D-46F5-980C-3E3FE58FB363}.Release|Any CPU.ActiveCfg = Release|Any CPU
		{48E7DF7C-AB5D-46F5-980C-3E3FE58FB363}.Release|Any CPU.Build.0 = Release|Any CPU
		{48E7DF7C-AB5D-46F5-980C-3E3FE58FB363}.Release|Any CPU.Deploy.0 = Release|Any CPU
	EndGlobalSection
	GlobalSection(SolutionProperties) = preSolution
		HideSolutionNode = FALSE
	EndGlobalSection
	GlobalSection(NestedProjects) = preSolution
		{27288C4B-3387-444F-8D82-AE95B461B7FC} = {ABDE05EB-DDBE-45E7-8967-406D9D4EFC49}
		{F30453A4-02C6-4982-9E9C-FE77E91CB4C1} = {ABDE05EB-DDBE-45E7-8967-406D9D4EFC49}
		{755C949E-3651-4F0D-BC62-785547CC5362} = {ABDE05EB-DDBE-45E7-8967-406D9D4EFC49}
	EndGlobalSection
EndGlobal
