
Microsoft Visual Studio Solution File, Format Version 12.00
# Visual Studio 14
VisualStudioVersion = 14.0.25420.1
MinimumVisualStudioVersion = 10.0.40219.1
Project("{FAE04EC0-301F-11D3-BF4B-00C04F79EFBC}") = "MVC", "MVC\MVC.csproj", "{EAD4D43E-48F2-40B7-B0EF-1225D6227D32}"
EndProject
Project("{FAE04EC0-301F-11D3-BF4B-00C04F79EFBC}") = "UnitTests", "Unit.Tests\UnitTests.csproj", "{873931D5-215F-4EDF-9FE8-1DB3695083BD}"
EndProject
Project("{2150E333-8FDC-42A3-9474-1A3956D46DE8}") = "Sample", "Sample", "{ABDE05EB-DDBE-45E7-8967-406D9D4EFC49}"
EndProject
Project("{FAE04EC0-301F-11D3-BF4B-00C04F79EFBC}") = "Demo", "DemoApp\Demo.csproj", "{27288C4B-3387-444F-8D82-AE95B461B7FC}"
EndProject
Project("{FAE04EC0-301F-11D3-BF4B-00C04F79EFBC}") = "ClientSocket", "ChatApps\ClientSocket.csproj", "{F30453A4-02C6-4982-9E9C-FE77E91CB4C1}"
EndProject
Project("{FAE04EC0-301F-11D3-BF4B-00C04F79EFBC}") = "ServerSocket", "ChatApps\ServerSocket.csproj", "{755C949E-3651-4F0D-BC62-785547CC5362}"
EndProject
Project("{00D1A9C2-B5F0-4AF3-8072-F6C62B433612}") = "DB", "DB\DB.sqlproj", "{48E7DF7C-AB5D-46F5-980C-3E3FE58FB363}"
EndProject
Project("{FAE04EC0-301F-11D3-BF4B-00C04F79EFBC}") = "Server", "ChatServer\Server\Server.csproj", "{1FD08AC5-F5DC-4A9D-9883-FD55AE14B526}"
EndProject
Project("{2150E333-8FDC-42A3-9474-1A3956D46DE8}") = "ChatApps", "ChatApps", "{D90FDC05-36F1-402B-8B83-749A3CC50CF9}"
EndProject
Project("{2150E333-8FDC-42A3-9474-1A3956D46DE8}") = "Archives", "Archives", "{08FA3E14-5864-4393-9CA7-0B25733A1D2F}"
	ProjectSection(SolutionItems) = preProject
		..\Legacy\ChatServer.zip = ..\Legacy\ChatServer.zip
		..\Legacy\ConsoleBasedchatAS.zip = ..\Legacy\ConsoleBasedchatAS.zip
		..\Legacy\DDLL_v1.zip = ..\Legacy\DDLL_v1.zip
	EndProjectSection
EndProject
Project("{2150E333-8FDC-42A3-9474-1A3956D46DE8}") = "ConsoleBased", "ConsoleBased", "{5DD346C0-D1B7-4800-8EDA-4C8181FC127C}"
EndProject
Project("{2150E333-8FDC-42A3-9474-1A3956D46DE8}") = "WCFBased", "WCFBased", "{544D3BA6-24F9-49D3-938F-7DEE0117C875}"
EndProject
Project("{FAE04EC0-301F-11D3-BF4B-00C04F79EFBC}") = "Client", "ChatServer\Client\Client.csproj", "{9202A56F-EF37-4B6F-AF2A-5AF8A844546A}"
EndProject
Project("{FAE04EC0-301F-11D3-BF4B-00C04F79EFBC}") = "ChatLibrary", "ChatServer\ChatLibrary\ChatLibrary.csproj", "{99F33DD1-719E-456C-9164-2E96E15F524A}"
EndProject
Project("{2150E333-8FDC-42A3-9474-1A3956D46DE8}") = "DesignPatterns", "DesignPatterns", "{F49D60CE-2576-45D1-B42E-45227139486A}"
EndProject
Project("{8BB2217D-0F2D-49D1-97BC-3654ED321F3B}") = "Patterns", "DesignPatterns\Patterns.xproj", "{E1326F82-B3BB-4FDE-BF25-122272C45F4A}"
EndProject
Project("{2150E333-8FDC-42A3-9474-1A3956D46DE8}") = "HackerRank", "HackerRank", "{0093B587-842A-4352-A56D-1851A2451885}"
EndProject
Project("{FAE04EC0-301F-11D3-BF4B-00C04F79EFBC}") = "HR.Challenge.30Days", "HackerRank\HR.Challenge.30Days\HR.Challenge.30Days.csproj", "{5F9D5A25-D389-4E2E-B082-90FB5F850C84}"
EndProject
Global
	GlobalSection(SolutionConfigurationPlatforms) = preSolution
		Debug|Any CPU = Debug|Any CPU
		Debug|x86 = Debug|x86
		Release|Any CPU = Release|Any CPU
		Release|x86 = Release|x86
	EndGlobalSection
	GlobalSection(ProjectConfigurationPlatforms) = postSolution
		{EAD4D43E-48F2-40B7-B0EF-1225D6227D32}.Debug|Any CPU.ActiveCfg = Debug|Any CPU
		{EAD4D43E-48F2-40B7-B0EF-1225D6227D32}.Debug|Any CPU.Build.0 = Debug|Any CPU
		{EAD4D43E-48F2-40B7-B0EF-1225D6227D32}.Debug|x86.ActiveCfg = Debug|Any CPU
		{EAD4D43E-48F2-40B7-B0EF-1225D6227D32}.Debug|x86.Build.0 = Debug|Any CPU
		{EAD4D43E-48F2-40B7-B0EF-1225D6227D32}.Release|Any CPU.ActiveCfg = Release|Any CPU
		{EAD4D43E-48F2-40B7-B0EF-1225D6227D32}.Release|Any CPU.Build.0 = Release|Any CPU
		{EAD4D43E-48F2-40B7-B0EF-1225D6227D32}.Release|x86.ActiveCfg = Release|Any CPU
		{EAD4D43E-48F2-40B7-B0EF-1225D6227D32}.Release|x86.Build.0 = Release|Any CPU
		{873931D5-215F-4EDF-9FE8-1DB3695083BD}.Debug|Any CPU.ActiveCfg = Debug|Any CPU
		{873931D5-215F-4EDF-9FE8-1DB3695083BD}.Debug|Any CPU.Build.0 = Debug|Any CPU
		{873931D5-215F-4EDF-9FE8-1DB3695083BD}.Debug|x86.ActiveCfg = Debug|Any CPU
		{873931D5-215F-4EDF-9FE8-1DB3695083BD}.Debug|x86.Build.0 = Debug|Any CPU
		{873931D5-215F-4EDF-9FE8-1DB3695083BD}.Release|Any CPU.ActiveCfg = Release|Any CPU
		{873931D5-215F-4EDF-9FE8-1DB3695083BD}.Release|Any CPU.Build.0 = Release|Any CPU
		{873931D5-215F-4EDF-9FE8-1DB3695083BD}.Release|x86.ActiveCfg = Release|Any CPU
		{873931D5-215F-4EDF-9FE8-1DB3695083BD}.Release|x86.Build.0 = Release|Any CPU
		{27288C4B-3387-444F-8D82-AE95B461B7FC}.Debug|Any CPU.ActiveCfg = Debug|Any CPU
		{27288C4B-3387-444F-8D82-AE95B461B7FC}.Debug|Any CPU.Build.0 = Debug|Any CPU
		{27288C4B-3387-444F-8D82-AE95B461B7FC}.Debug|x86.ActiveCfg = Debug|Any CPU
		{27288C4B-3387-444F-8D82-AE95B461B7FC}.Debug|x86.Build.0 = Debug|Any CPU
		{27288C4B-3387-444F-8D82-AE95B461B7FC}.Release|Any CPU.ActiveCfg = Release|Any CPU
		{27288C4B-3387-444F-8D82-AE95B461B7FC}.Release|Any CPU.Build.0 = Release|Any CPU
		{27288C4B-3387-444F-8D82-AE95B461B7FC}.Release|x86.ActiveCfg = Release|Any CPU
		{27288C4B-3387-444F-8D82-AE95B461B7FC}.Release|x86.Build.0 = Release|Any CPU
		{F30453A4-02C6-4982-9E9C-FE77E91CB4C1}.Debug|Any CPU.ActiveCfg = Debug|Any CPU
		{F30453A4-02C6-4982-9E9C-FE77E91CB4C1}.Debug|Any CPU.Build.0 = Debug|Any CPU
		{F30453A4-02C6-4982-9E9C-FE77E91CB4C1}.Debug|x86.ActiveCfg = Debug|Any CPU
		{F30453A4-02C6-4982-9E9C-FE77E91CB4C1}.Debug|x86.Build.0 = Debug|Any CPU
		{F30453A4-02C6-4982-9E9C-FE77E91CB4C1}.Release|Any CPU.ActiveCfg = Release|Any CPU
		{F30453A4-02C6-4982-9E9C-FE77E91CB4C1}.Release|Any CPU.Build.0 = Release|Any CPU
		{F30453A4-02C6-4982-9E9C-FE77E91CB4C1}.Release|x86.ActiveCfg = Release|Any CPU
		{F30453A4-02C6-4982-9E9C-FE77E91CB4C1}.Release|x86.Build.0 = Release|Any CPU
		{755C949E-3651-4F0D-BC62-785547CC5362}.Debug|Any CPU.ActiveCfg = Debug|Any CPU
		{755C949E-3651-4F0D-BC62-785547CC5362}.Debug|Any CPU.Build.0 = Debug|Any CPU
		{755C949E-3651-4F0D-BC62-785547CC5362}.Debug|x86.ActiveCfg = Debug|Any CPU
		{755C949E-3651-4F0D-BC62-785547CC5362}.Debug|x86.Build.0 = Debug|Any CPU
		{755C949E-3651-4F0D-BC62-785547CC5362}.Release|Any CPU.ActiveCfg = Release|Any CPU
		{755C949E-3651-4F0D-BC62-785547CC5362}.Release|Any CPU.Build.0 = Release|Any CPU
		{755C949E-3651-4F0D-BC62-785547CC5362}.Release|x86.ActiveCfg = Release|Any CPU
		{755C949E-3651-4F0D-BC62-785547CC5362}.Release|x86.Build.0 = Release|Any CPU
		{48E7DF7C-AB5D-46F5-980C-3E3FE58FB363}.Debug|Any CPU.ActiveCfg = Debug|Any CPU
		{48E7DF7C-AB5D-46F5-980C-3E3FE58FB363}.Debug|Any CPU.Build.0 = Debug|Any CPU
		{48E7DF7C-AB5D-46F5-980C-3E3FE58FB363}.Debug|Any CPU.Deploy.0 = Debug|Any CPU
		{48E7DF7C-AB5D-46F5-980C-3E3FE58FB363}.Debug|x86.ActiveCfg = Debug|Any CPU
		{48E7DF7C-AB5D-46F5-980C-3E3FE58FB363}.Debug|x86.Build.0 = Debug|Any CPU
		{48E7DF7C-AB5D-46F5-980C-3E3FE58FB363}.Debug|x86.Deploy.0 = Debug|Any CPU
		{48E7DF7C-AB5D-46F5-980C-3E3FE58FB363}.Release|Any CPU.ActiveCfg = Release|Any CPU
		{48E7DF7C-AB5D-46F5-980C-3E3FE58FB363}.Release|Any CPU.Build.0 = Release|Any CPU
		{48E7DF7C-AB5D-46F5-980C-3E3FE58FB363}.Release|Any CPU.Deploy.0 = Release|Any CPU
		{48E7DF7C-AB5D-46F5-980C-3E3FE58FB363}.Release|x86.ActiveCfg = Release|Any CPU
		{48E7DF7C-AB5D-46F5-980C-3E3FE58FB363}.Release|x86.Build.0 = Release|Any CPU
		{48E7DF7C-AB5D-46F5-980C-3E3FE58FB363}.Release|x86.Deploy.0 = Release|Any CPU
		{1FD08AC5-F5DC-4A9D-9883-FD55AE14B526}.Debug|Any CPU.ActiveCfg = Debug|x86
		{1FD08AC5-F5DC-4A9D-9883-FD55AE14B526}.Debug|x86.ActiveCfg = Debug|x86
		{1FD08AC5-F5DC-4A9D-9883-FD55AE14B526}.Debug|x86.Build.0 = Debug|x86
		{1FD08AC5-F5DC-4A9D-9883-FD55AE14B526}.Release|Any CPU.ActiveCfg = Release|x86
		{1FD08AC5-F5DC-4A9D-9883-FD55AE14B526}.Release|x86.ActiveCfg = Release|x86
		{1FD08AC5-F5DC-4A9D-9883-FD55AE14B526}.Release|x86.Build.0 = Release|x86
		{9202A56F-EF37-4B6F-AF2A-5AF8A844546A}.Debug|Any CPU.ActiveCfg = Debug|x86
		{9202A56F-EF37-4B6F-AF2A-5AF8A844546A}.Debug|x86.ActiveCfg = Debug|x86
		{9202A56F-EF37-4B6F-AF2A-5AF8A844546A}.Debug|x86.Build.0 = Debug|x86
		{9202A56F-EF37-4B6F-AF2A-5AF8A844546A}.Release|Any CPU.ActiveCfg = Release|x86
		{9202A56F-EF37-4B6F-AF2A-5AF8A844546A}.Release|x86.ActiveCfg = Release|x86
		{9202A56F-EF37-4B6F-AF2A-5AF8A844546A}.Release|x86.Build.0 = Release|x86
		{99F33DD1-719E-456C-9164-2E96E15F524A}.Debug|Any CPU.ActiveCfg = Debug|Any CPU
		{99F33DD1-719E-456C-9164-2E96E15F524A}.Debug|Any CPU.Build.0 = Debug|Any CPU
		{99F33DD1-719E-456C-9164-2E96E15F524A}.Debug|x86.ActiveCfg = Debug|Any CPU
		{99F33DD1-719E-456C-9164-2E96E15F524A}.Debug|x86.Build.0 = Debug|Any CPU
		{99F33DD1-719E-456C-9164-2E96E15F524A}.Release|Any CPU.ActiveCfg = Release|Any CPU
		{99F33DD1-719E-456C-9164-2E96E15F524A}.Release|Any CPU.Build.0 = Release|Any CPU
		{99F33DD1-719E-456C-9164-2E96E15F524A}.Release|x86.ActiveCfg = Release|Any CPU
		{99F33DD1-719E-456C-9164-2E96E15F524A}.Release|x86.Build.0 = Release|Any CPU
		{E1326F82-B3BB-4FDE-BF25-122272C45F4A}.Debug|Any CPU.ActiveCfg = Debug|Any CPU
		{E1326F82-B3BB-4FDE-BF25-122272C45F4A}.Debug|Any CPU.Build.0 = Debug|Any CPU
		{E1326F82-B3BB-4FDE-BF25-122272C45F4A}.Debug|x86.ActiveCfg = Debug|Any CPU
		{E1326F82-B3BB-4FDE-BF25-122272C45F4A}.Debug|x86.Build.0 = Debug|Any CPU
		{E1326F82-B3BB-4FDE-BF25-122272C45F4A}.Release|Any CPU.ActiveCfg = Release|Any CPU
		{E1326F82-B3BB-4FDE-BF25-122272C45F4A}.Release|Any CPU.Build.0 = Release|Any CPU
		{E1326F82-B3BB-4FDE-BF25-122272C45F4A}.Release|x86.ActiveCfg = Release|Any CPU
		{E1326F82-B3BB-4FDE-BF25-122272C45F4A}.Release|x86.Build.0 = Release|Any CPU
		{5F9D5A25-D389-4E2E-B082-90FB5F850C84}.Debug|Any CPU.ActiveCfg = Debug|Any CPU
		{5F9D5A25-D389-4E2E-B082-90FB5F850C84}.Debug|Any CPU.Build.0 = Debug|Any CPU
		{5F9D5A25-D389-4E2E-B082-90FB5F850C84}.Debug|x86.ActiveCfg = Debug|Any CPU
		{5F9D5A25-D389-4E2E-B082-90FB5F850C84}.Debug|x86.Build.0 = Debug|Any CPU
		{5F9D5A25-D389-4E2E-B082-90FB5F850C84}.Release|Any CPU.ActiveCfg = Release|Any CPU
		{5F9D5A25-D389-4E2E-B082-90FB5F850C84}.Release|Any CPU.Build.0 = Release|Any CPU
		{5F9D5A25-D389-4E2E-B082-90FB5F850C84}.Release|x86.ActiveCfg = Release|Any CPU
		{5F9D5A25-D389-4E2E-B082-90FB5F850C84}.Release|x86.Build.0 = Release|Any CPU
	EndGlobalSection
	GlobalSection(SolutionProperties) = preSolution
		HideSolutionNode = FALSE
	EndGlobalSection
	GlobalSection(NestedProjects) = preSolution
		{27288C4B-3387-444F-8D82-AE95B461B7FC} = {ABDE05EB-DDBE-45E7-8967-406D9D4EFC49}
		{F30453A4-02C6-4982-9E9C-FE77E91CB4C1} = {5DD346C0-D1B7-4800-8EDA-4C8181FC127C}
		{755C949E-3651-4F0D-BC62-785547CC5362} = {5DD346C0-D1B7-4800-8EDA-4C8181FC127C}
		{1FD08AC5-F5DC-4A9D-9883-FD55AE14B526} = {544D3BA6-24F9-49D3-938F-7DEE0117C875}
		{D90FDC05-36F1-402B-8B83-749A3CC50CF9} = {ABDE05EB-DDBE-45E7-8967-406D9D4EFC49}
		{08FA3E14-5864-4393-9CA7-0B25733A1D2F} = {ABDE05EB-DDBE-45E7-8967-406D9D4EFC49}
		{5DD346C0-D1B7-4800-8EDA-4C8181FC127C} = {D90FDC05-36F1-402B-8B83-749A3CC50CF9}
		{544D3BA6-24F9-49D3-938F-7DEE0117C875} = {D90FDC05-36F1-402B-8B83-749A3CC50CF9}
		{9202A56F-EF37-4B6F-AF2A-5AF8A844546A} = {544D3BA6-24F9-49D3-938F-7DEE0117C875}
		{99F33DD1-719E-456C-9164-2E96E15F524A} = {544D3BA6-24F9-49D3-938F-7DEE0117C875}
		{E1326F82-B3BB-4FDE-BF25-122272C45F4A} = {F49D60CE-2576-45D1-B42E-45227139486A}
		{5F9D5A25-D389-4E2E-B082-90FB5F850C84} = {0093B587-842A-4352-A56D-1851A2451885}
	EndGlobalSection
EndGlobal
